// !$*UTF8*$!
{
	archiveVersion = 1;
	classes = {
	};
	objectVersion = 46;
	objects = {

/* Begin PBXBuildFile section */
		00E356F31AD99517003FC87E /* guyfridayeventsTests.m in Sources */ = {isa = PBXBuildFile; fileRef = 00E356F21AD99517003FC87E /* guyfridayeventsTests.m */; };
		054172955C4F73E29064B71A /* libPods-guyfridayeventsTests.a in Frameworks */ = {isa = PBXBuildFile; fileRef = A9ED3163AAAA8E0511CDF91B /* libPods-guyfridayeventsTests.a */; };
		08B48FF3CCC6427C8DF6C62E /* rubicon-icon-font.ttf in Resources */ = {isa = PBXBuildFile; fileRef = 1EBCCC7FC3DB45F2AA5D6B4D /* rubicon-icon-font.ttf */; };
		13B07FBC1A68108700A75B9A /* AppDelegate.m in Sources */ = {isa = PBXBuildFile; fileRef = 13B07FB01A68108700A75B9A /* AppDelegate.m */; };
		13B07FBD1A68108700A75B9A /* LaunchScreen.xib in Resources */ = {isa = PBXBuildFile; fileRef = 13B07FB11A68108700A75B9A /* LaunchScreen.xib */; };
		13B07FBF1A68108700A75B9A /* Images.xcassets in Resources */ = {isa = PBXBuildFile; fileRef = 13B07FB51A68108700A75B9A /* Images.xcassets */; };
		13B07FC11A68108700A75B9A /* main.m in Sources */ = {isa = PBXBuildFile; fileRef = 13B07FB71A68108700A75B9A /* main.m */; };
		16D362DBFABF43C4A0B82D5A /* Zocial.ttf in Resources */ = {isa = PBXBuildFile; fileRef = 8112A89414D449B8AF6F8D6A /* Zocial.ttf */; };
		1F5BC68AD2124A3AA6A6CA1C /* Ionicons.ttf in Resources */ = {isa = PBXBuildFile; fileRef = 205BB7341EBF44FB823221B3 /* Ionicons.ttf */; };
		2D02E4BC1E0B4A80006451C7 /* AppDelegate.m in Sources */ = {isa = PBXBuildFile; fileRef = 13B07FB01A68108700A75B9A /* AppDelegate.m */; };
		2D02E4BD1E0B4A84006451C7 /* Images.xcassets in Resources */ = {isa = PBXBuildFile; fileRef = 13B07FB51A68108700A75B9A /* Images.xcassets */; };
		2D02E4BF1E0B4AB3006451C7 /* main.m in Sources */ = {isa = PBXBuildFile; fileRef = 13B07FB71A68108700A75B9A /* main.m */; };
		2DCD954D1E0B4F2C00145EB5 /* guyfridayeventsTests.m in Sources */ = {isa = PBXBuildFile; fileRef = 00E356F21AD99517003FC87E /* guyfridayeventsTests.m */; };
		3656AD28412445E59CD7E919 /* Foundation.ttf in Resources */ = {isa = PBXBuildFile; fileRef = 62840C3A42AD4D78998EF16B /* Foundation.ttf */; };
		45FCB104378A4A7B8EDF7B5B /* FontAwesome5_Regular.ttf in Resources */ = {isa = PBXBuildFile; fileRef = F563BAC2157947C1968C70C2 /* FontAwesome5_Regular.ttf */; };
		47AB833846BE4F2FAD16DAC2 /* Fontisto.ttf in Resources */ = {isa = PBXBuildFile; fileRef = F4D16F644D954D318379AF25 /* Fontisto.ttf */; };
		4C8348FF2978426CB369E97C /* Roboto.ttf in Resources */ = {isa = PBXBuildFile; fileRef = CB4D7C7885C3439F864C75AB /* Roboto.ttf */; };
		4DAC43BB469C4C2A862AFB18 /* MaterialCommunityIcons.ttf in Resources */ = {isa = PBXBuildFile; fileRef = 4CB2810DD81A4E028FB3D907 /* MaterialCommunityIcons.ttf */; };
		562EB1F8508E4A7A071BAE5B /* libPods-guyfridayevents.a in Frameworks */ = {isa = PBXBuildFile; fileRef = EE2BEB31E254F4500C3803C1 /* libPods-guyfridayevents.a */; };
		5C9F0673A0384346AD2C6DD7 /* Feather.ttf in Resources */ = {isa = PBXBuildFile; fileRef = 4BDA6850ADC640EFBD2A9F0C /* Feather.ttf */; };
		6A8BC3D0DC894094A806100D /* EvilIcons.ttf in Resources */ = {isa = PBXBuildFile; fileRef = 3996ABF893FF445196C7E034 /* EvilIcons.ttf */; };
		7A6913F66C374015A4B3ED86 /* MaterialIcons.ttf in Resources */ = {isa = PBXBuildFile; fileRef = 407E5B01E1A74C02B961F72F /* MaterialIcons.ttf */; };
		9762B6D66D7D4ED2A453745B /* SimpleLineIcons.ttf in Resources */ = {isa = PBXBuildFile; fileRef = 4B7255F7C4B7449CA7CDF307 /* SimpleLineIcons.ttf */; };
		9E3E544D7AE2FA3B429BB42C /* libPods-guyfridayevents-tvOS.a in Frameworks */ = {isa = PBXBuildFile; fileRef = 0460080E789B3376C86226DA /* libPods-guyfridayevents-tvOS.a */; };
		B0F12A8BE6D9428183F72ABE /* FontAwesome.ttf in Resources */ = {isa = PBXBuildFile; fileRef = CAFB222B1F474E8A9F5A0DAE /* FontAwesome.ttf */; };
		B1643879C96A4AE0AE42A2BB /* Roboto_medium.ttf in Resources */ = {isa = PBXBuildFile; fileRef = 8674497FDC6649D294EA0915 /* Roboto_medium.ttf */; };
		B5FFB37555624F7481CA97F0 /* FontAwesome5_Solid.ttf in Resources */ = {isa = PBXBuildFile; fileRef = BF1C5B63963146D582485EE0 /* FontAwesome5_Solid.ttf */; };
		CC709C7F236A810A00ABF768 /* GoogleService-Info.plist in Resources */ = {isa = PBXBuildFile; fileRef = CC709C7E236A810A00ABF768 /* GoogleService-Info.plist */; };
		CC709C80236A810A00ABF768 /* GoogleService-Info.plist in Resources */ = {isa = PBXBuildFile; fileRef = CC709C7E236A810A00ABF768 /* GoogleService-Info.plist */; };
		CC709C81236A810A00ABF768 /* GoogleService-Info.plist in Resources */ = {isa = PBXBuildFile; fileRef = CC709C7E236A810A00ABF768 /* GoogleService-Info.plist */; };
		CC709C82236A810A00ABF768 /* GoogleService-Info.plist in Resources */ = {isa = PBXBuildFile; fileRef = CC709C7E236A810A00ABF768 /* GoogleService-Info.plist */; };
		D1EDB256AB0F1B84E548B64C /* libPods-guyfridayevents-tvOSTests.a in Frameworks */ = {isa = PBXBuildFile; fileRef = 6B008746AFC93085ACD5968B /* libPods-guyfridayevents-tvOSTests.a */; };
		DEBF14F081CA48C1BEA4712C /* FontAwesome5_Brands.ttf in Resources */ = {isa = PBXBuildFile; fileRef = 4CFEBB0EEF554C2697C1D662 /* FontAwesome5_Brands.ttf */; };
		E33BD40290DE4D0783414B1E /* Octicons.ttf in Resources */ = {isa = PBXBuildFile; fileRef = 226CEF4277164C0790F97854 /* Octicons.ttf */; };
		F0D86B5B62FC4B2DA4BAD594 /* AntDesign.ttf in Resources */ = {isa = PBXBuildFile; fileRef = 68163DF507434471AD8C4876 /* AntDesign.ttf */; };
		FDB498FACB5F4029B3041CDE /* Entypo.ttf in Resources */ = {isa = PBXBuildFile; fileRef = 8B63349BC5EC4FB9B6DCFC3F /* Entypo.ttf */; };
/* End PBXBuildFile section */

/* Begin PBXContainerItemProxy section */
		00E356F41AD99517003FC87E /* PBXContainerItemProxy */ = {
			isa = PBXContainerItemProxy;
			containerPortal = 83CBB9F71A601CBA00E9B192 /* Project object */;
			proxyType = 1;
			remoteGlobalIDString = 13B07F861A680F5B00A75B9A;
			remoteInfo = guyfridayevents;
		};
		2D02E4911E0B4A5D006451C7 /* PBXContainerItemProxy */ = {
			isa = PBXContainerItemProxy;
			containerPortal = 83CBB9F71A601CBA00E9B192 /* Project object */;
			proxyType = 1;
			remoteGlobalIDString = 2D02E47A1E0B4A5D006451C7;
			remoteInfo = "guyfridayevents-tvOS";
		};
/* End PBXContainerItemProxy section */

/* Begin PBXFileReference section */
		008F07F21AC5B25A0029DE68 /* main.jsbundle */ = {isa = PBXFileReference; fileEncoding = 4; lastKnownFileType = text; path = main.jsbundle; sourceTree = "<group>"; };
		00E356EE1AD99517003FC87E /* guyfridayeventsTests.xctest */ = {isa = PBXFileReference; explicitFileType = wrapper.cfbundle; includeInIndex = 0; path = guyfridayeventsTests.xctest; sourceTree = BUILT_PRODUCTS_DIR; };
		00E356F11AD99517003FC87E /* Info.plist */ = {isa = PBXFileReference; lastKnownFileType = text.plist.xml; path = Info.plist; sourceTree = "<group>"; };
		00E356F21AD99517003FC87E /* guyfridayeventsTests.m */ = {isa = PBXFileReference; lastKnownFileType = sourcecode.c.objc; path = guyfridayeventsTests.m; sourceTree = "<group>"; };
		0460080E789B3376C86226DA /* libPods-guyfridayevents-tvOS.a */ = {isa = PBXFileReference; explicitFileType = archive.ar; includeInIndex = 0; path = "libPods-guyfridayevents-tvOS.a"; sourceTree = BUILT_PRODUCTS_DIR; };
		13B07F961A680F5B00A75B9A /* guyfridayevents.app */ = {isa = PBXFileReference; explicitFileType = wrapper.application; includeInIndex = 0; path = guyfridayevents.app; sourceTree = BUILT_PRODUCTS_DIR; };
		13B07FAF1A68108700A75B9A /* AppDelegate.h */ = {isa = PBXFileReference; fileEncoding = 4; lastKnownFileType = sourcecode.c.h; name = AppDelegate.h; path = guyfridayevents/AppDelegate.h; sourceTree = "<group>"; };
		13B07FB01A68108700A75B9A /* AppDelegate.m */ = {isa = PBXFileReference; fileEncoding = 4; lastKnownFileType = sourcecode.c.objc; name = AppDelegate.m; path = guyfridayevents/AppDelegate.m; sourceTree = "<group>"; };
		13B07FB21A68108700A75B9A /* Base */ = {isa = PBXFileReference; lastKnownFileType = file.xib; name = Base; path = Base.lproj/LaunchScreen.xib; sourceTree = "<group>"; };
		13B07FB51A68108700A75B9A /* Images.xcassets */ = {isa = PBXFileReference; lastKnownFileType = folder.assetcatalog; name = Images.xcassets; path = guyfridayevents/Images.xcassets; sourceTree = "<group>"; };
		13B07FB61A68108700A75B9A /* Info.plist */ = {isa = PBXFileReference; fileEncoding = 4; lastKnownFileType = text.plist.xml; name = Info.plist; path = guyfridayevents/Info.plist; sourceTree = "<group>"; };
		13B07FB71A68108700A75B9A /* main.m */ = {isa = PBXFileReference; fileEncoding = 4; lastKnownFileType = sourcecode.c.objc; name = main.m; path = guyfridayevents/main.m; sourceTree = "<group>"; };
		1EBCCC7FC3DB45F2AA5D6B4D /* rubicon-icon-font.ttf */ = {isa = PBXFileReference; explicitFileType = undefined; fileEncoding = 9; includeInIndex = 0; lastKnownFileType = unknown; name = "rubicon-icon-font.ttf"; path = "../node_modules/native-base/Fonts/rubicon-icon-font.ttf"; sourceTree = "<group>"; };
		205BB7341EBF44FB823221B3 /* Ionicons.ttf */ = {isa = PBXFileReference; explicitFileType = undefined; fileEncoding = 9; includeInIndex = 0; lastKnownFileType = unknown; name = Ionicons.ttf; path = "../node_modules/native-base/Fonts/Ionicons.ttf"; sourceTree = "<group>"; };
		226CEF4277164C0790F97854 /* Octicons.ttf */ = {isa = PBXFileReference; explicitFileType = undefined; fileEncoding = 9; includeInIndex = 0; lastKnownFileType = unknown; name = Octicons.ttf; path = "../node_modules/native-base/Fonts/Octicons.ttf"; sourceTree = "<group>"; };
		2D02E47B1E0B4A5D006451C7 /* guyfridayevents-tvOS.app */ = {isa = PBXFileReference; explicitFileType = wrapper.application; includeInIndex = 0; path = "guyfridayevents-tvOS.app"; sourceTree = BUILT_PRODUCTS_DIR; };
		2D02E4901E0B4A5D006451C7 /* guyfridayevents-tvOSTests.xctest */ = {isa = PBXFileReference; explicitFileType = wrapper.cfbundle; includeInIndex = 0; path = "guyfridayevents-tvOSTests.xctest"; sourceTree = BUILT_PRODUCTS_DIR; };
		3996ABF893FF445196C7E034 /* EvilIcons.ttf */ = {isa = PBXFileReference; explicitFileType = undefined; fileEncoding = 9; includeInIndex = 0; lastKnownFileType = unknown; name = EvilIcons.ttf; path = "../node_modules/native-base/Fonts/EvilIcons.ttf"; sourceTree = "<group>"; };
		407E5B01E1A74C02B961F72F /* MaterialIcons.ttf */ = {isa = PBXFileReference; explicitFileType = undefined; fileEncoding = 9; includeInIndex = 0; lastKnownFileType = unknown; name = MaterialIcons.ttf; path = "../node_modules/native-base/Fonts/MaterialIcons.ttf"; sourceTree = "<group>"; };
		4B7255F7C4B7449CA7CDF307 /* SimpleLineIcons.ttf */ = {isa = PBXFileReference; explicitFileType = undefined; fileEncoding = 9; includeInIndex = 0; lastKnownFileType = unknown; name = SimpleLineIcons.ttf; path = "../node_modules/native-base/Fonts/SimpleLineIcons.ttf"; sourceTree = "<group>"; };
		4BDA6850ADC640EFBD2A9F0C /* Feather.ttf */ = {isa = PBXFileReference; explicitFileType = undefined; fileEncoding = 9; includeInIndex = 0; lastKnownFileType = unknown; name = Feather.ttf; path = "../node_modules/native-base/Fonts/Feather.ttf"; sourceTree = "<group>"; };
		4CB2810DD81A4E028FB3D907 /* MaterialCommunityIcons.ttf */ = {isa = PBXFileReference; explicitFileType = undefined; fileEncoding = 9; includeInIndex = 0; lastKnownFileType = unknown; name = MaterialCommunityIcons.ttf; path = "../node_modules/native-base/Fonts/MaterialCommunityIcons.ttf"; sourceTree = "<group>"; };
		4CFEBB0EEF554C2697C1D662 /* FontAwesome5_Brands.ttf */ = {isa = PBXFileReference; explicitFileType = undefined; fileEncoding = 9; includeInIndex = 0; lastKnownFileType = unknown; name = FontAwesome5_Brands.ttf; path = "../node_modules/native-base/Fonts/FontAwesome5_Brands.ttf"; sourceTree = "<group>"; };
		62840C3A42AD4D78998EF16B /* Foundation.ttf */ = {isa = PBXFileReference; explicitFileType = undefined; fileEncoding = 9; includeInIndex = 0; lastKnownFileType = unknown; name = Foundation.ttf; path = "../node_modules/native-base/Fonts/Foundation.ttf"; sourceTree = "<group>"; };
		68163DF507434471AD8C4876 /* AntDesign.ttf */ = {isa = PBXFileReference; explicitFileType = undefined; fileEncoding = 9; includeInIndex = 0; lastKnownFileType = unknown; name = AntDesign.ttf; path = "../node_modules/native-base/Fonts/AntDesign.ttf"; sourceTree = "<group>"; };
		6B008746AFC93085ACD5968B /* libPods-guyfridayevents-tvOSTests.a */ = {isa = PBXFileReference; explicitFileType = archive.ar; includeInIndex = 0; path = "libPods-guyfridayevents-tvOSTests.a"; sourceTree = BUILT_PRODUCTS_DIR; };
		6B17A0B6F670F1E278A76A2B /* Pods-guyfridayevents-tvOSTests.release.xcconfig */ = {isa = PBXFileReference; includeInIndex = 1; lastKnownFileType = text.xcconfig; name = "Pods-guyfridayevents-tvOSTests.release.xcconfig"; path = "Target Support Files/Pods-guyfridayevents-tvOSTests/Pods-guyfridayevents-tvOSTests.release.xcconfig"; sourceTree = "<group>"; };
		8112A89414D449B8AF6F8D6A /* Zocial.ttf */ = {isa = PBXFileReference; explicitFileType = undefined; fileEncoding = 9; includeInIndex = 0; lastKnownFileType = unknown; name = Zocial.ttf; path = "../node_modules/native-base/Fonts/Zocial.ttf"; sourceTree = "<group>"; };
		8674497FDC6649D294EA0915 /* Roboto_medium.ttf */ = {isa = PBXFileReference; explicitFileType = undefined; fileEncoding = 9; includeInIndex = 0; lastKnownFileType = unknown; name = Roboto_medium.ttf; path = "../node_modules/native-base/Fonts/Roboto_medium.ttf"; sourceTree = "<group>"; };
		8B63349BC5EC4FB9B6DCFC3F /* Entypo.ttf */ = {isa = PBXFileReference; explicitFileType = undefined; fileEncoding = 9; includeInIndex = 0; lastKnownFileType = unknown; name = Entypo.ttf; path = "../node_modules/native-base/Fonts/Entypo.ttf"; sourceTree = "<group>"; };
		9BE00F6E233D89BE3B982609 /* Pods-guyfridayeventsTests.release.xcconfig */ = {isa = PBXFileReference; includeInIndex = 1; lastKnownFileType = text.xcconfig; name = "Pods-guyfridayeventsTests.release.xcconfig"; path = "Target Support Files/Pods-guyfridayeventsTests/Pods-guyfridayeventsTests.release.xcconfig"; sourceTree = "<group>"; };
		A9ED3163AAAA8E0511CDF91B /* libPods-guyfridayeventsTests.a */ = {isa = PBXFileReference; explicitFileType = archive.ar; includeInIndex = 0; path = "libPods-guyfridayeventsTests.a"; sourceTree = BUILT_PRODUCTS_DIR; };
		AF7C478AB41798898817E8FF /* Pods-guyfridayevents.release.xcconfig */ = {isa = PBXFileReference; includeInIndex = 1; lastKnownFileType = text.xcconfig; name = "Pods-guyfridayevents.release.xcconfig"; path = "Target Support Files/Pods-guyfridayevents/Pods-guyfridayevents.release.xcconfig"; sourceTree = "<group>"; };
		B1A5CEB669D86FB582CA1E10 /* Pods-guyfridayevents.debug.xcconfig */ = {isa = PBXFileReference; includeInIndex = 1; lastKnownFileType = text.xcconfig; name = "Pods-guyfridayevents.debug.xcconfig"; path = "Target Support Files/Pods-guyfridayevents/Pods-guyfridayevents.debug.xcconfig"; sourceTree = "<group>"; };
		B5F45F085E059B0D6C96A6E1 /* Pods-guyfridayeventsTests.debug.xcconfig */ = {isa = PBXFileReference; includeInIndex = 1; lastKnownFileType = text.xcconfig; name = "Pods-guyfridayeventsTests.debug.xcconfig"; path = "Target Support Files/Pods-guyfridayeventsTests/Pods-guyfridayeventsTests.debug.xcconfig"; sourceTree = "<group>"; };
		BF1C5B63963146D582485EE0 /* FontAwesome5_Solid.ttf */ = {isa = PBXFileReference; explicitFileType = undefined; fileEncoding = 9; includeInIndex = 0; lastKnownFileType = unknown; name = FontAwesome5_Solid.ttf; path = "../node_modules/native-base/Fonts/FontAwesome5_Solid.ttf"; sourceTree = "<group>"; };
		C371D0205A1223DB2CA38D9F /* Pods-guyfridayevents-tvOSTests.debug.xcconfig */ = {isa = PBXFileReference; includeInIndex = 1; lastKnownFileType = text.xcconfig; name = "Pods-guyfridayevents-tvOSTests.debug.xcconfig"; path = "Target Support Files/Pods-guyfridayevents-tvOSTests/Pods-guyfridayevents-tvOSTests.debug.xcconfig"; sourceTree = "<group>"; };
		CAFB222B1F474E8A9F5A0DAE /* FontAwesome.ttf */ = {isa = PBXFileReference; explicitFileType = undefined; fileEncoding = 9; includeInIndex = 0; lastKnownFileType = unknown; name = FontAwesome.ttf; path = "../node_modules/native-base/Fonts/FontAwesome.ttf"; sourceTree = "<group>"; };
		CB4D7C7885C3439F864C75AB /* Roboto.ttf */ = {isa = PBXFileReference; explicitFileType = undefined; fileEncoding = 9; includeInIndex = 0; lastKnownFileType = unknown; name = Roboto.ttf; path = "../node_modules/native-base/Fonts/Roboto.ttf"; sourceTree = "<group>"; };
		CC709C7E236A810A00ABF768 /* GoogleService-Info.plist */ = {isa = PBXFileReference; fileEncoding = 4; lastKnownFileType = text.plist.xml; name = "GoogleService-Info.plist"; path = "../../GoogleService-Info.plist"; sourceTree = "<group>"; };
		DA94DA4EAB400057C7C9718B /* Pods-guyfridayevents-tvOS.release.xcconfig */ = {isa = PBXFileReference; includeInIndex = 1; lastKnownFileType = text.xcconfig; name = "Pods-guyfridayevents-tvOS.release.xcconfig"; path = "Target Support Files/Pods-guyfridayevents-tvOS/Pods-guyfridayevents-tvOS.release.xcconfig"; sourceTree = "<group>"; };
		DC1AF640EFAF37A7B0FA239F /* Pods-guyfridayevents-tvOS.debug.xcconfig */ = {isa = PBXFileReference; includeInIndex = 1; lastKnownFileType = text.xcconfig; name = "Pods-guyfridayevents-tvOS.debug.xcconfig"; path = "Target Support Files/Pods-guyfridayevents-tvOS/Pods-guyfridayevents-tvOS.debug.xcconfig"; sourceTree = "<group>"; };
		ED297162215061F000B7C4FE /* JavaScriptCore.framework */ = {isa = PBXFileReference; lastKnownFileType = wrapper.framework; name = JavaScriptCore.framework; path = System/Library/Frameworks/JavaScriptCore.framework; sourceTree = SDKROOT; };
		ED2971642150620600B7C4FE /* JavaScriptCore.framework */ = {isa = PBXFileReference; lastKnownFileType = wrapper.framework; name = JavaScriptCore.framework; path = Platforms/AppleTVOS.platform/Developer/SDKs/AppleTVOS12.0.sdk/System/Library/Frameworks/JavaScriptCore.framework; sourceTree = DEVELOPER_DIR; };
		EE2BEB31E254F4500C3803C1 /* libPods-guyfridayevents.a */ = {isa = PBXFileReference; explicitFileType = archive.ar; includeInIndex = 0; path = "libPods-guyfridayevents.a"; sourceTree = BUILT_PRODUCTS_DIR; };
		F4D16F644D954D318379AF25 /* Fontisto.ttf */ = {isa = PBXFileReference; explicitFileType = undefined; fileEncoding = 9; includeInIndex = 0; lastKnownFileType = unknown; name = Fontisto.ttf; path = "../node_modules/native-base/Fonts/Fontisto.ttf"; sourceTree = "<group>"; };
		F563BAC2157947C1968C70C2 /* FontAwesome5_Regular.ttf */ = {isa = PBXFileReference; explicitFileType = undefined; fileEncoding = 9; includeInIndex = 0; lastKnownFileType = unknown; name = FontAwesome5_Regular.ttf; path = "../node_modules/native-base/Fonts/FontAwesome5_Regular.ttf"; sourceTree = "<group>"; };
/* End PBXFileReference section */

/* Begin PBXFrameworksBuildPhase section */
		00E356EB1AD99517003FC87E /* Frameworks */ = {
			isa = PBXFrameworksBuildPhase;
			buildActionMask = 2147483647;
			files = (
				054172955C4F73E29064B71A /* libPods-guyfridayeventsTests.a in Frameworks */,
			);
			runOnlyForDeploymentPostprocessing = 0;
		};
		13B07F8C1A680F5B00A75B9A /* Frameworks */ = {
			isa = PBXFrameworksBuildPhase;
			buildActionMask = 2147483647;
			files = (
				562EB1F8508E4A7A071BAE5B /* libPods-guyfridayevents.a in Frameworks */,
			);
			runOnlyForDeploymentPostprocessing = 0;
		};
		2D02E4781E0B4A5D006451C7 /* Frameworks */ = {
			isa = PBXFrameworksBuildPhase;
			buildActionMask = 2147483647;
			files = (
				9E3E544D7AE2FA3B429BB42C /* libPods-guyfridayevents-tvOS.a in Frameworks */,
			);
			runOnlyForDeploymentPostprocessing = 0;
		};
		2D02E48D1E0B4A5D006451C7 /* Frameworks */ = {
			isa = PBXFrameworksBuildPhase;
			buildActionMask = 2147483647;
			files = (
				D1EDB256AB0F1B84E548B64C /* libPods-guyfridayevents-tvOSTests.a in Frameworks */,
			);
			runOnlyForDeploymentPostprocessing = 0;
		};
/* End PBXFrameworksBuildPhase section */

/* Begin PBXGroup section */
		00E356EF1AD99517003FC87E /* guyfridayeventsTests */ = {
			isa = PBXGroup;
			children = (
				00E356F21AD99517003FC87E /* guyfridayeventsTests.m */,
				00E356F01AD99517003FC87E /* Supporting Files */,
			);
			path = guyfridayeventsTests;
			sourceTree = "<group>";
		};
		00E356F01AD99517003FC87E /* Supporting Files */ = {
			isa = PBXGroup;
			children = (
				00E356F11AD99517003FC87E /* Info.plist */,
			);
			name = "Supporting Files";
			sourceTree = "<group>";
		};
		13B07FAE1A68108700A75B9A /* guyfridayevents */ = {
			isa = PBXGroup;
			children = (
				008F07F21AC5B25A0029DE68 /* main.jsbundle */,
				13B07FAF1A68108700A75B9A /* AppDelegate.h */,
				13B07FB01A68108700A75B9A /* AppDelegate.m */,
				CC709C7E236A810A00ABF768 /* GoogleService-Info.plist */,
				13B07FB51A68108700A75B9A /* Images.xcassets */,
				13B07FB61A68108700A75B9A /* Info.plist */,
				13B07FB11A68108700A75B9A /* LaunchScreen.xib */,
				13B07FB71A68108700A75B9A /* main.m */,
			);
			name = guyfridayevents;
			sourceTree = "<group>";
		};
		2D16E6871FA4F8E400B85C8A /* Frameworks */ = {
			isa = PBXGroup;
			children = (
				ED297162215061F000B7C4FE /* JavaScriptCore.framework */,
				ED2971642150620600B7C4FE /* JavaScriptCore.framework */,
				EE2BEB31E254F4500C3803C1 /* libPods-guyfridayevents.a */,
				0460080E789B3376C86226DA /* libPods-guyfridayevents-tvOS.a */,
				6B008746AFC93085ACD5968B /* libPods-guyfridayevents-tvOSTests.a */,
				A9ED3163AAAA8E0511CDF91B /* libPods-guyfridayeventsTests.a */,
			);
			name = Frameworks;
			sourceTree = "<group>";
		};
		832341AE1AAA6A7D00B99B32 /* Libraries */ = {
			isa = PBXGroup;
			children = (
			);
			name = Libraries;
			sourceTree = "<group>";
		};
		83CBB9F61A601CBA00E9B192 = {
			isa = PBXGroup;
			children = (
				13B07FAE1A68108700A75B9A /* guyfridayevents */,
				832341AE1AAA6A7D00B99B32 /* Libraries */,
				00E356EF1AD99517003FC87E /* guyfridayeventsTests */,
				83CBBA001A601CBA00E9B192 /* Products */,
				2D16E6871FA4F8E400B85C8A /* Frameworks */,
				8DB750E956192E68DFD00E8A /* Pods */,
				8F6A625CB1714902926341E2 /* Resources */,
			);
			indentWidth = 2;
			sourceTree = "<group>";
			tabWidth = 2;
			usesTabs = 0;
		};
		83CBBA001A601CBA00E9B192 /* Products */ = {
			isa = PBXGroup;
			children = (
				13B07F961A680F5B00A75B9A /* guyfridayevents.app */,
				00E356EE1AD99517003FC87E /* guyfridayeventsTests.xctest */,
				2D02E47B1E0B4A5D006451C7 /* guyfridayevents-tvOS.app */,
				2D02E4901E0B4A5D006451C7 /* guyfridayevents-tvOSTests.xctest */,
			);
			name = Products;
			sourceTree = "<group>";
		};
		8DB750E956192E68DFD00E8A /* Pods */ = {
			isa = PBXGroup;
			children = (
				B1A5CEB669D86FB582CA1E10 /* Pods-guyfridayevents.debug.xcconfig */,
				AF7C478AB41798898817E8FF /* Pods-guyfridayevents.release.xcconfig */,
				DC1AF640EFAF37A7B0FA239F /* Pods-guyfridayevents-tvOS.debug.xcconfig */,
				DA94DA4EAB400057C7C9718B /* Pods-guyfridayevents-tvOS.release.xcconfig */,
				C371D0205A1223DB2CA38D9F /* Pods-guyfridayevents-tvOSTests.debug.xcconfig */,
				6B17A0B6F670F1E278A76A2B /* Pods-guyfridayevents-tvOSTests.release.xcconfig */,
				B5F45F085E059B0D6C96A6E1 /* Pods-guyfridayeventsTests.debug.xcconfig */,
				9BE00F6E233D89BE3B982609 /* Pods-guyfridayeventsTests.release.xcconfig */,
			);
			path = Pods;
			sourceTree = "<group>";
		};
		8F6A625CB1714902926341E2 /* Resources */ = {
			isa = PBXGroup;
			children = (
				68163DF507434471AD8C4876 /* AntDesign.ttf */,
				8B63349BC5EC4FB9B6DCFC3F /* Entypo.ttf */,
				3996ABF893FF445196C7E034 /* EvilIcons.ttf */,
				4BDA6850ADC640EFBD2A9F0C /* Feather.ttf */,
				CAFB222B1F474E8A9F5A0DAE /* FontAwesome.ttf */,
				4CFEBB0EEF554C2697C1D662 /* FontAwesome5_Brands.ttf */,
				F563BAC2157947C1968C70C2 /* FontAwesome5_Regular.ttf */,
				BF1C5B63963146D582485EE0 /* FontAwesome5_Solid.ttf */,
				F4D16F644D954D318379AF25 /* Fontisto.ttf */,
				62840C3A42AD4D78998EF16B /* Foundation.ttf */,
				205BB7341EBF44FB823221B3 /* Ionicons.ttf */,
				4CB2810DD81A4E028FB3D907 /* MaterialCommunityIcons.ttf */,
				407E5B01E1A74C02B961F72F /* MaterialIcons.ttf */,
				226CEF4277164C0790F97854 /* Octicons.ttf */,
				8674497FDC6649D294EA0915 /* Roboto_medium.ttf */,
				CB4D7C7885C3439F864C75AB /* Roboto.ttf */,
				1EBCCC7FC3DB45F2AA5D6B4D /* rubicon-icon-font.ttf */,
				4B7255F7C4B7449CA7CDF307 /* SimpleLineIcons.ttf */,
				8112A89414D449B8AF6F8D6A /* Zocial.ttf */,
			);
			name = Resources;
			sourceTree = "<group>";
		};
/* End PBXGroup section */

/* Begin PBXNativeTarget section */
		00E356ED1AD99517003FC87E /* guyfridayeventsTests */ = {
			isa = PBXNativeTarget;
			buildConfigurationList = 00E357021AD99517003FC87E /* Build configuration list for PBXNativeTarget "guyfridayeventsTests" */;
			buildPhases = (
				BFF9ED71C59E8543C01D0B92 /* [CP] Check Pods Manifest.lock */,
				00E356EA1AD99517003FC87E /* Sources */,
				00E356EB1AD99517003FC87E /* Frameworks */,
				00E356EC1AD99517003FC87E /* Resources */,
			);
			buildRules = (
			);
			dependencies = (
				00E356F51AD99517003FC87E /* PBXTargetDependency */,
			);
			name = guyfridayeventsTests;
			productName = guyfridayeventsTests;
			productReference = 00E356EE1AD99517003FC87E /* guyfridayeventsTests.xctest */;
			productType = "com.apple.product-type.bundle.unit-test";
		};
		13B07F861A680F5B00A75B9A /* guyfridayevents */ = {
			isa = PBXNativeTarget;
			buildConfigurationList = 13B07F931A680F5B00A75B9A /* Build configuration list for PBXNativeTarget "guyfridayevents" */;
			buildPhases = (
				183A4B64ED29606F4E897792 /* [CP] Check Pods Manifest.lock */,
				FD10A7F022414F080027D42C /* Start Packager */,
				13B07F871A680F5B00A75B9A /* Sources */,
				13B07F8C1A680F5B00A75B9A /* Frameworks */,
				13B07F8E1A680F5B00A75B9A /* Resources */,
				00DD1BFF1BD5951E006B06BC /* Bundle React Native code and images */,
			);
			buildRules = (
			);
			dependencies = (
			);
			name = guyfridayevents;
			productName = guyfridayevents;
			productReference = 13B07F961A680F5B00A75B9A /* guyfridayevents.app */;
			productType = "com.apple.product-type.application";
		};
		2D02E47A1E0B4A5D006451C7 /* guyfridayevents-tvOS */ = {
			isa = PBXNativeTarget;
			buildConfigurationList = 2D02E4BA1E0B4A5E006451C7 /* Build configuration list for PBXNativeTarget "guyfridayevents-tvOS" */;
			buildPhases = (
				8CEE60D012537DBF5DA6CD23 /* [CP] Check Pods Manifest.lock */,
				FD10A7F122414F3F0027D42C /* Start Packager */,
				2D02E4771E0B4A5D006451C7 /* Sources */,
				2D02E4781E0B4A5D006451C7 /* Frameworks */,
				2D02E4791E0B4A5D006451C7 /* Resources */,
				2D02E4CB1E0B4B27006451C7 /* Bundle React Native Code And Images */,
			);
			buildRules = (
			);
			dependencies = (
			);
			name = "guyfridayevents-tvOS";
			productName = "guyfridayevents-tvOS";
			productReference = 2D02E47B1E0B4A5D006451C7 /* guyfridayevents-tvOS.app */;
			productType = "com.apple.product-type.application";
		};
		2D02E48F1E0B4A5D006451C7 /* guyfridayevents-tvOSTests */ = {
			isa = PBXNativeTarget;
			buildConfigurationList = 2D02E4BB1E0B4A5E006451C7 /* Build configuration list for PBXNativeTarget "guyfridayevents-tvOSTests" */;
			buildPhases = (
				4F653ADDDD8FE45EC3D86E86 /* [CP] Check Pods Manifest.lock */,
				2D02E48C1E0B4A5D006451C7 /* Sources */,
				2D02E48D1E0B4A5D006451C7 /* Frameworks */,
				2D02E48E1E0B4A5D006451C7 /* Resources */,
			);
			buildRules = (
			);
			dependencies = (
				2D02E4921E0B4A5D006451C7 /* PBXTargetDependency */,
			);
			name = "guyfridayevents-tvOSTests";
			productName = "guyfridayevents-tvOSTests";
			productReference = 2D02E4901E0B4A5D006451C7 /* guyfridayevents-tvOSTests.xctest */;
			productType = "com.apple.product-type.bundle.unit-test";
		};
/* End PBXNativeTarget section */

/* Begin PBXProject section */
		83CBB9F71A601CBA00E9B192 /* Project object */ = {
			isa = PBXProject;
			attributes = {
				LastUpgradeCheck = 940;
				ORGANIZATIONNAME = Facebook;
				TargetAttributes = {
					00E356ED1AD99517003FC87E = {
						CreatedOnToolsVersion = 6.2;
						DevelopmentTeam = 2RDS4825KD;
						TestTargetID = 13B07F861A680F5B00A75B9A;
					};
					13B07F861A680F5B00A75B9A = {
						DevelopmentTeam = 2RDS4825KD;
					};
					2D02E47A1E0B4A5D006451C7 = {
						CreatedOnToolsVersion = 8.2.1;
						ProvisioningStyle = Automatic;
					};
					2D02E48F1E0B4A5D006451C7 = {
						CreatedOnToolsVersion = 8.2.1;
						ProvisioningStyle = Automatic;
						TestTargetID = 2D02E47A1E0B4A5D006451C7;
					};
				};
			};
			buildConfigurationList = 83CBB9FA1A601CBA00E9B192 /* Build configuration list for PBXProject "guyfridayevents" */;
			compatibilityVersion = "Xcode 3.2";
			developmentRegion = English;
			hasScannedForEncodings = 0;
			knownRegions = (
				English,
				en,
				Base,
			);
			mainGroup = 83CBB9F61A601CBA00E9B192;
			productRefGroup = 83CBBA001A601CBA00E9B192 /* Products */;
			projectDirPath = "";
			projectRoot = "";
			targets = (
				13B07F861A680F5B00A75B9A /* guyfridayevents */,
				00E356ED1AD99517003FC87E /* guyfridayeventsTests */,
				2D02E47A1E0B4A5D006451C7 /* guyfridayevents-tvOS */,
				2D02E48F1E0B4A5D006451C7 /* guyfridayevents-tvOSTests */,
			);
		};
/* End PBXProject section */

/* Begin PBXResourcesBuildPhase section */
		00E356EC1AD99517003FC87E /* Resources */ = {
			isa = PBXResourcesBuildPhase;
			buildActionMask = 2147483647;
			files = (
				CC709C80236A810A00ABF768 /* GoogleService-Info.plist in Resources */,
			);
			runOnlyForDeploymentPostprocessing = 0;
		};
		13B07F8E1A680F5B00A75B9A /* Resources */ = {
			isa = PBXResourcesBuildPhase;
			buildActionMask = 2147483647;
			files = (
				13B07FBF1A68108700A75B9A /* Images.xcassets in Resources */,
				13B07FBD1A68108700A75B9A /* LaunchScreen.xib in Resources */,
				F0D86B5B62FC4B2DA4BAD594 /* AntDesign.ttf in Resources */,
				FDB498FACB5F4029B3041CDE /* Entypo.ttf in Resources */,
				6A8BC3D0DC894094A806100D /* EvilIcons.ttf in Resources */,
				5C9F0673A0384346AD2C6DD7 /* Feather.ttf in Resources */,
				B0F12A8BE6D9428183F72ABE /* FontAwesome.ttf in Resources */,
				DEBF14F081CA48C1BEA4712C /* FontAwesome5_Brands.ttf in Resources */,
				45FCB104378A4A7B8EDF7B5B /* FontAwesome5_Regular.ttf in Resources */,
				B5FFB37555624F7481CA97F0 /* FontAwesome5_Solid.ttf in Resources */,
				47AB833846BE4F2FAD16DAC2 /* Fontisto.ttf in Resources */,
				3656AD28412445E59CD7E919 /* Foundation.ttf in Resources */,
				1F5BC68AD2124A3AA6A6CA1C /* Ionicons.ttf in Resources */,
				4DAC43BB469C4C2A862AFB18 /* MaterialCommunityIcons.ttf in Resources */,
				7A6913F66C374015A4B3ED86 /* MaterialIcons.ttf in Resources */,
				E33BD40290DE4D0783414B1E /* Octicons.ttf in Resources */,
				B1643879C96A4AE0AE42A2BB /* Roboto_medium.ttf in Resources */,
				4C8348FF2978426CB369E97C /* Roboto.ttf in Resources */,
				08B48FF3CCC6427C8DF6C62E /* rubicon-icon-font.ttf in Resources */,
				CC709C7F236A810A00ABF768 /* GoogleService-Info.plist in Resources */,
				9762B6D66D7D4ED2A453745B /* SimpleLineIcons.ttf in Resources */,
				16D362DBFABF43C4A0B82D5A /* Zocial.ttf in Resources */,
			);
			runOnlyForDeploymentPostprocessing = 0;
		};
		2D02E4791E0B4A5D006451C7 /* Resources */ = {
			isa = PBXResourcesBuildPhase;
			buildActionMask = 2147483647;
			files = (
				2D02E4BD1E0B4A84006451C7 /* Images.xcassets in Resources */,
				CC709C81236A810A00ABF768 /* GoogleService-Info.plist in Resources */,
			);
			runOnlyForDeploymentPostprocessing = 0;
		};
		2D02E48E1E0B4A5D006451C7 /* Resources */ = {
			isa = PBXResourcesBuildPhase;
			buildActionMask = 2147483647;
			files = (
				CC709C82236A810A00ABF768 /* GoogleService-Info.plist in Resources */,
			);
			runOnlyForDeploymentPostprocessing = 0;
		};
/* End PBXResourcesBuildPhase section */

/* Begin PBXShellScriptBuildPhase section */
		00DD1BFF1BD5951E006B06BC /* Bundle React Native code and images */ = {
			isa = PBXShellScriptBuildPhase;
			buildActionMask = 2147483647;
			files = (
			);
			inputPaths = (
			);
			name = "Bundle React Native code and images";
			outputPaths = (
			);
			runOnlyForDeploymentPostprocessing = 0;
			shellPath = /bin/sh;
			shellScript = "export NODE_BINARY=node\n../node_modules/react-native/scripts/react-native-xcode.sh";
		};
		183A4B64ED29606F4E897792 /* [CP] Check Pods Manifest.lock */ = {
			isa = PBXShellScriptBuildPhase;
			buildActionMask = 2147483647;
			files = (
			);
			inputFileListPaths = (
			);
			inputPaths = (
				"${PODS_PODFILE_DIR_PATH}/Podfile.lock",
				"${PODS_ROOT}/Manifest.lock",
			);
			name = "[CP] Check Pods Manifest.lock";
			outputFileListPaths = (
			);
			outputPaths = (
				"$(DERIVED_FILE_DIR)/Pods-guyfridayevents-checkManifestLockResult.txt",
			);
			runOnlyForDeploymentPostprocessing = 0;
			shellPath = /bin/sh;
			shellScript = "diff \"${PODS_PODFILE_DIR_PATH}/Podfile.lock\" \"${PODS_ROOT}/Manifest.lock\" > /dev/null\nif [ $? != 0 ] ; then\n    # print error to STDERR\n    echo \"error: The sandbox is not in sync with the Podfile.lock. Run 'pod install' or update your CocoaPods installation.\" >&2\n    exit 1\nfi\n# This output is used by Xcode 'outputs' to avoid re-running this script phase.\necho \"SUCCESS\" > \"${SCRIPT_OUTPUT_FILE_0}\"\n";
			showEnvVarsInLog = 0;
		};
		2D02E4CB1E0B4B27006451C7 /* Bundle React Native Code And Images */ = {
			isa = PBXShellScriptBuildPhase;
			buildActionMask = 2147483647;
			files = (
			);
			inputPaths = (
			);
			name = "Bundle React Native Code And Images";
			outputPaths = (
			);
			runOnlyForDeploymentPostprocessing = 0;
			shellPath = /bin/sh;
			shellScript = "export NODE_BINARY=node\n../node_modules/react-native/scripts/react-native-xcode.sh";
		};
		4F653ADDDD8FE45EC3D86E86 /* [CP] Check Pods Manifest.lock */ = {
			isa = PBXShellScriptBuildPhase;
			buildActionMask = 2147483647;
			files = (
			);
			inputFileListPaths = (
			);
			inputPaths = (
				"${PODS_PODFILE_DIR_PATH}/Podfile.lock",
				"${PODS_ROOT}/Manifest.lock",
			);
			name = "[CP] Check Pods Manifest.lock";
			outputFileListPaths = (
			);
			outputPaths = (
				"$(DERIVED_FILE_DIR)/Pods-guyfridayevents-tvOSTests-checkManifestLockResult.txt",
			);
			runOnlyForDeploymentPostprocessing = 0;
			shellPath = /bin/sh;
			shellScript = "diff \"${PODS_PODFILE_DIR_PATH}/Podfile.lock\" \"${PODS_ROOT}/Manifest.lock\" > /dev/null\nif [ $? != 0 ] ; then\n    # print error to STDERR\n    echo \"error: The sandbox is not in sync with the Podfile.lock. Run 'pod install' or update your CocoaPods installation.\" >&2\n    exit 1\nfi\n# This output is used by Xcode 'outputs' to avoid re-running this script phase.\necho \"SUCCESS\" > \"${SCRIPT_OUTPUT_FILE_0}\"\n";
			showEnvVarsInLog = 0;
		};
		8CEE60D012537DBF5DA6CD23 /* [CP] Check Pods Manifest.lock */ = {
			isa = PBXShellScriptBuildPhase;
			buildActionMask = 2147483647;
			files = (
			);
			inputFileListPaths = (
			);
			inputPaths = (
				"${PODS_PODFILE_DIR_PATH}/Podfile.lock",
				"${PODS_ROOT}/Manifest.lock",
			);
			name = "[CP] Check Pods Manifest.lock";
			outputFileListPaths = (
			);
			outputPaths = (
				"$(DERIVED_FILE_DIR)/Pods-guyfridayevents-tvOS-checkManifestLockResult.txt",
			);
			runOnlyForDeploymentPostprocessing = 0;
			shellPath = /bin/sh;
			shellScript = "diff \"${PODS_PODFILE_DIR_PATH}/Podfile.lock\" \"${PODS_ROOT}/Manifest.lock\" > /dev/null\nif [ $? != 0 ] ; then\n    # print error to STDERR\n    echo \"error: The sandbox is not in sync with the Podfile.lock. Run 'pod install' or update your CocoaPods installation.\" >&2\n    exit 1\nfi\n# This output is used by Xcode 'outputs' to avoid re-running this script phase.\necho \"SUCCESS\" > \"${SCRIPT_OUTPUT_FILE_0}\"\n";
			showEnvVarsInLog = 0;
		};
		BFF9ED71C59E8543C01D0B92 /* [CP] Check Pods Manifest.lock */ = {
			isa = PBXShellScriptBuildPhase;
			buildActionMask = 2147483647;
			files = (
			);
			inputFileListPaths = (
			);
			inputPaths = (
				"${PODS_PODFILE_DIR_PATH}/Podfile.lock",
				"${PODS_ROOT}/Manifest.lock",
			);
			name = "[CP] Check Pods Manifest.lock";
			outputFileListPaths = (
			);
			outputPaths = (
				"$(DERIVED_FILE_DIR)/Pods-guyfridayeventsTests-checkManifestLockResult.txt",
			);
			runOnlyForDeploymentPostprocessing = 0;
			shellPath = /bin/sh;
			shellScript = "diff \"${PODS_PODFILE_DIR_PATH}/Podfile.lock\" \"${PODS_ROOT}/Manifest.lock\" > /dev/null\nif [ $? != 0 ] ; then\n    # print error to STDERR\n    echo \"error: The sandbox is not in sync with the Podfile.lock. Run 'pod install' or update your CocoaPods installation.\" >&2\n    exit 1\nfi\n# This output is used by Xcode 'outputs' to avoid re-running this script phase.\necho \"SUCCESS\" > \"${SCRIPT_OUTPUT_FILE_0}\"\n";
			showEnvVarsInLog = 0;
		};
		FD10A7F022414F080027D42C /* Start Packager */ = {
			isa = PBXShellScriptBuildPhase;
			buildActionMask = 2147483647;
			files = (
			);
			inputFileListPaths = (
			);
			inputPaths = (
			);
			name = "Start Packager";
			outputFileListPaths = (
			);
			outputPaths = (
			);
			runOnlyForDeploymentPostprocessing = 0;
			shellPath = /bin/sh;
			shellScript = "export RCT_METRO_PORT=\"${RCT_METRO_PORT:=8081}\"\necho \"export RCT_METRO_PORT=${RCT_METRO_PORT}\" > \"${SRCROOT}/../node_modules/react-native/scripts/.packager.env\"\nif [ -z \"${RCT_NO_LAUNCH_PACKAGER+xxx}\" ] ; then\n  if nc -w 5 -z localhost ${RCT_METRO_PORT} ; then\n    if ! curl -s \"http://localhost:${RCT_METRO_PORT}/status\" | grep -q \"packager-status:running\" ; then\n      echo \"Port ${RCT_METRO_PORT} already in use, packager is either not running or not running correctly\"\n      exit 2\n    fi\n  else\n    open \"$SRCROOT/../node_modules/react-native/scripts/launchPackager.command\" || echo \"Can't start packager automatically\"\n  fi\nfi\n";
			showEnvVarsInLog = 0;
		};
		FD10A7F122414F3F0027D42C /* Start Packager */ = {
			isa = PBXShellScriptBuildPhase;
			buildActionMask = 2147483647;
			files = (
			);
			inputFileListPaths = (
			);
			inputPaths = (
			);
			name = "Start Packager";
			outputFileListPaths = (
			);
			outputPaths = (
			);
			runOnlyForDeploymentPostprocessing = 0;
			shellPath = /bin/sh;
			shellScript = "export RCT_METRO_PORT=\"${RCT_METRO_PORT:=8081}\"\necho \"export RCT_METRO_PORT=${RCT_METRO_PORT}\" > \"${SRCROOT}/../node_modules/react-native/scripts/.packager.env\"\nif [ -z \"${RCT_NO_LAUNCH_PACKAGER+xxx}\" ] ; then\n  if nc -w 5 -z localhost ${RCT_METRO_PORT} ; then\n    if ! curl -s \"http://localhost:${RCT_METRO_PORT}/status\" | grep -q \"packager-status:running\" ; then\n      echo \"Port ${RCT_METRO_PORT} already in use, packager is either not running or not running correctly\"\n      exit 2\n    fi\n  else\n    open \"$SRCROOT/../node_modules/react-native/scripts/launchPackager.command\" || echo \"Can't start packager automatically\"\n  fi\nfi\n";
			showEnvVarsInLog = 0;
		};
/* End PBXShellScriptBuildPhase section */

/* Begin PBXSourcesBuildPhase section */
		00E356EA1AD99517003FC87E /* Sources */ = {
			isa = PBXSourcesBuildPhase;
			buildActionMask = 2147483647;
			files = (
				00E356F31AD99517003FC87E /* guyfridayeventsTests.m in Sources */,
			);
			runOnlyForDeploymentPostprocessing = 0;
		};
		13B07F871A680F5B00A75B9A /* Sources */ = {
			isa = PBXSourcesBuildPhase;
			buildActionMask = 2147483647;
			files = (
				13B07FBC1A68108700A75B9A /* AppDelegate.m in Sources */,
				13B07FC11A68108700A75B9A /* main.m in Sources */,
			);
			runOnlyForDeploymentPostprocessing = 0;
		};
		2D02E4771E0B4A5D006451C7 /* Sources */ = {
			isa = PBXSourcesBuildPhase;
			buildActionMask = 2147483647;
			files = (
				2D02E4BF1E0B4AB3006451C7 /* main.m in Sources */,
				2D02E4BC1E0B4A80006451C7 /* AppDelegate.m in Sources */,
			);
			runOnlyForDeploymentPostprocessing = 0;
		};
		2D02E48C1E0B4A5D006451C7 /* Sources */ = {
			isa = PBXSourcesBuildPhase;
			buildActionMask = 2147483647;
			files = (
				2DCD954D1E0B4F2C00145EB5 /* guyfridayeventsTests.m in Sources */,
			);
			runOnlyForDeploymentPostprocessing = 0;
		};
/* End PBXSourcesBuildPhase section */

/* Begin PBXTargetDependency section */
		00E356F51AD99517003FC87E /* PBXTargetDependency */ = {
			isa = PBXTargetDependency;
			target = 13B07F861A680F5B00A75B9A /* guyfridayevents */;
			targetProxy = 00E356F41AD99517003FC87E /* PBXContainerItemProxy */;
		};
		2D02E4921E0B4A5D006451C7 /* PBXTargetDependency */ = {
			isa = PBXTargetDependency;
			target = 2D02E47A1E0B4A5D006451C7 /* guyfridayevents-tvOS */;
			targetProxy = 2D02E4911E0B4A5D006451C7 /* PBXContainerItemProxy */;
		};
/* End PBXTargetDependency section */

/* Begin PBXVariantGroup section */
		13B07FB11A68108700A75B9A /* LaunchScreen.xib */ = {
			isa = PBXVariantGroup;
			children = (
				13B07FB21A68108700A75B9A /* Base */,
			);
			name = LaunchScreen.xib;
			path = guyfridayevents;
			sourceTree = "<group>";
		};
/* End PBXVariantGroup section */

/* Begin XCBuildConfiguration section */
		00E356F61AD99517003FC87E /* Debug */ = {
			isa = XCBuildConfiguration;
			baseConfigurationReference = B5F45F085E059B0D6C96A6E1 /* Pods-guyfridayeventsTests.debug.xcconfig */;
			buildSettings = {
				BUNDLE_LOADER = "$(TEST_HOST)";
				DEVELOPMENT_TEAM = 2RDS4825KD;
				GCC_PREPROCESSOR_DEFINITIONS = (
					"DEBUG=1",
					"$(inherited)",
				);
				INFOPLIST_FILE = guyfridayeventsTests/Info.plist;
				IPHONEOS_DEPLOYMENT_TARGET = 9.0;
				LD_RUNPATH_SEARCH_PATHS = "$(inherited) @executable_path/Frameworks @loader_path/Frameworks";
				OTHER_LDFLAGS = (
					"-ObjC",
					"-lc++",
					"$(inherited)",
				);
				PRODUCT_BUNDLE_IDENTIFIER = "org.reactjs.native.example.$(PRODUCT_NAME:rfc1034identifier)";
				PRODUCT_NAME = "$(TARGET_NAME)";
				TEST_HOST = "$(BUILT_PRODUCTS_DIR)/guyfridayevents.app/guyfridayevents";
			};
			name = Debug;
		};
		00E356F71AD99517003FC87E /* Release */ = {
			isa = XCBuildConfiguration;
			baseConfigurationReference = 9BE00F6E233D89BE3B982609 /* Pods-guyfridayeventsTests.release.xcconfig */;
			buildSettings = {
				BUNDLE_LOADER = "$(TEST_HOST)";
				COPY_PHASE_STRIP = NO;
				DEVELOPMENT_TEAM = 2RDS4825KD;
				INFOPLIST_FILE = guyfridayeventsTests/Info.plist;
				IPHONEOS_DEPLOYMENT_TARGET = 9.0;
				LD_RUNPATH_SEARCH_PATHS = "$(inherited) @executable_path/Frameworks @loader_path/Frameworks";
				OTHER_LDFLAGS = (
					"-ObjC",
					"-lc++",
					"$(inherited)",
				);
				PRODUCT_BUNDLE_IDENTIFIER = "org.reactjs.native.example.$(PRODUCT_NAME:rfc1034identifier)";
				PRODUCT_NAME = "$(TARGET_NAME)";
				TEST_HOST = "$(BUILT_PRODUCTS_DIR)/guyfridayevents.app/guyfridayevents";
			};
			name = Release;
		};
		13B07F941A680F5B00A75B9A /* Debug */ = {
			isa = XCBuildConfiguration;
			baseConfigurationReference = B1A5CEB669D86FB582CA1E10 /* Pods-guyfridayevents.debug.xcconfig */;
			buildSettings = {
				ASSETCATALOG_COMPILER_APPICON_NAME = AppIcon;
				CURRENT_PROJECT_VERSION = 1;
				DEAD_CODE_STRIPPING = NO;
				DEVELOPMENT_TEAM = 2RDS4825KD;
				INFOPLIST_FILE = guyfridayevents/Info.plist;
				LD_RUNPATH_SEARCH_PATHS = "$(inherited) @executable_path/Frameworks";
				OTHER_LDFLAGS = (
					"$(inherited)",
					"-ObjC",
					"-lc++",
				);
				PRODUCT_BUNDLE_IDENTIFIER = "org.reactjs.native.example.$(PRODUCT_NAME:rfc1034identifier)";
				PRODUCT_NAME = guyfridayevents;
				VERSIONING_SYSTEM = "apple-generic";
			};
			name = Debug;
		};
		13B07F951A680F5B00A75B9A /* Release */ = {
			isa = XCBuildConfiguration;
			baseConfigurationReference = AF7C478AB41798898817E8FF /* Pods-guyfridayevents.release.xcconfig */;
			buildSettings = {
				ASSETCATALOG_COMPILER_APPICON_NAME = AppIcon;
				CURRENT_PROJECT_VERSION = 1;
				DEVELOPMENT_TEAM = 2RDS4825KD;
				INFOPLIST_FILE = guyfridayevents/Info.plist;
				LD_RUNPATH_SEARCH_PATHS = "$(inherited) @executable_path/Frameworks";
				OTHER_LDFLAGS = (
					"$(inherited)",
					"-ObjC",
					"-lc++",
				);
				PRODUCT_BUNDLE_IDENTIFIER = "org.reactjs.native.example.$(PRODUCT_NAME:rfc1034identifier)";
				PRODUCT_NAME = guyfridayevents;
				VERSIONING_SYSTEM = "apple-generic";
			};
			name = Release;
		};
		2D02E4971E0B4A5E006451C7 /* Debug */ = {
			isa = XCBuildConfiguration;
			baseConfigurationReference = DC1AF640EFAF37A7B0FA239F /* Pods-guyfridayevents-tvOS.debug.xcconfig */;
			buildSettings = {
				ASSETCATALOG_COMPILER_APPICON_NAME = "App Icon & Top Shelf Image";
				ASSETCATALOG_COMPILER_LAUNCHIMAGE_NAME = LaunchImage;
				CLANG_ANALYZER_NONNULL = YES;
				CLANG_WARN_DOCUMENTATION_COMMENTS = YES;
				CLANG_WARN_INFINITE_RECURSION = YES;
				CLANG_WARN_SUSPICIOUS_MOVE = YES;
				DEBUG_INFORMATION_FORMAT = dwarf;
				ENABLE_TESTABILITY = YES;
				GCC_NO_COMMON_BLOCKS = YES;
				INFOPLIST_FILE = "guyfridayevents-tvOS/Info.plist";
				LD_RUNPATH_SEARCH_PATHS = "$(inherited) @executable_path/Frameworks";
				OTHER_LDFLAGS = (
					"$(inherited)",
					"-ObjC",
					"-lc++",
				);
				PRODUCT_BUNDLE_IDENTIFIER = "com.facebook.REACT.guyfridayevents-tvOS";
				PRODUCT_NAME = "$(TARGET_NAME)";
				SDKROOT = appletvos;
				TARGETED_DEVICE_FAMILY = 3;
				TVOS_DEPLOYMENT_TARGET = 9.2;
			};
			name = Debug;
		};
		2D02E4981E0B4A5E006451C7 /* Release */ = {
			isa = XCBuildConfiguration;
			baseConfigurationReference = DA94DA4EAB400057C7C9718B /* Pods-guyfridayevents-tvOS.release.xcconfig */;
			buildSettings = {
				ASSETCATALOG_COMPILER_APPICON_NAME = "App Icon & Top Shelf Image";
				ASSETCATALOG_COMPILER_LAUNCHIMAGE_NAME = LaunchImage;
				CLANG_ANALYZER_NONNULL = YES;
				CLANG_WARN_DOCUMENTATION_COMMENTS = YES;
				CLANG_WARN_INFINITE_RECURSION = YES;
				CLANG_WARN_SUSPICIOUS_MOVE = YES;
				COPY_PHASE_STRIP = NO;
				DEBUG_INFORMATION_FORMAT = "dwarf-with-dsym";
				GCC_NO_COMMON_BLOCKS = YES;
				INFOPLIST_FILE = "guyfridayevents-tvOS/Info.plist";
				LD_RUNPATH_SEARCH_PATHS = "$(inherited) @executable_path/Frameworks";
				OTHER_LDFLAGS = (
					"$(inherited)",
					"-ObjC",
					"-lc++",
				);
				PRODUCT_BUNDLE_IDENTIFIER = "com.facebook.REACT.guyfridayevents-tvOS";
				PRODUCT_NAME = "$(TARGET_NAME)";
				SDKROOT = appletvos;
				TARGETED_DEVICE_FAMILY = 3;
				TVOS_DEPLOYMENT_TARGET = 9.2;
			};
			name = Release;
		};
		2D02E4991E0B4A5E006451C7 /* Debug */ = {
			isa = XCBuildConfiguration;
			baseConfigurationReference = C371D0205A1223DB2CA38D9F /* Pods-guyfridayevents-tvOSTests.debug.xcconfig */;
			buildSettings = {
				BUNDLE_LOADER = "$(TEST_HOST)";
				CLANG_ANALYZER_NONNULL = YES;
				CLANG_WARN_DOCUMENTATION_COMMENTS = YES;
				CLANG_WARN_INFINITE_RECURSION = YES;
				CLANG_WARN_SUSPICIOUS_MOVE = YES;
				DEBUG_INFORMATION_FORMAT = dwarf;
				ENABLE_TESTABILITY = YES;
				GCC_NO_COMMON_BLOCKS = YES;
				INFOPLIST_FILE = "guyfridayevents-tvOSTests/Info.plist";
				LD_RUNPATH_SEARCH_PATHS = "$(inherited) @executable_path/Frameworks @loader_path/Frameworks";
				OTHER_LDFLAGS = (
					"$(inherited)",
					"-ObjC",
					"-lc++",
				);
				PRODUCT_BUNDLE_IDENTIFIER = "com.facebook.REACT.guyfridayevents-tvOSTests";
				PRODUCT_NAME = "$(TARGET_NAME)";
				SDKROOT = appletvos;
				TEST_HOST = "$(BUILT_PRODUCTS_DIR)/guyfridayevents-tvOS.app/guyfridayevents-tvOS";
				TVOS_DEPLOYMENT_TARGET = 10.1;
			};
			name = Debug;
		};
		2D02E49A1E0B4A5E006451C7 /* Release */ = {
			isa = XCBuildConfiguration;
			baseConfigurationReference = 6B17A0B6F670F1E278A76A2B /* Pods-guyfridayevents-tvOSTests.release.xcconfig */;
			buildSettings = {
				BUNDLE_LOADER = "$(TEST_HOST)";
				CLANG_ANALYZER_NONNULL = YES;
				CLANG_WARN_DOCUMENTATION_COMMENTS = YES;
				CLANG_WARN_INFINITE_RECURSION = YES;
				CLANG_WARN_SUSPICIOUS_MOVE = YES;
				COPY_PHASE_STRIP = NO;
				DEBUG_INFORMATION_FORMAT = "dwarf-with-dsym";
				GCC_NO_COMMON_BLOCKS = YES;
				INFOPLIST_FILE = "guyfridayevents-tvOSTests/Info.plist";
				LD_RUNPATH_SEARCH_PATHS = "$(inherited) @executable_path/Frameworks @loader_path/Frameworks";
				OTHER_LDFLAGS = (
					"$(inherited)",
					"-ObjC",
					"-lc++",
				);
				PRODUCT_BUNDLE_IDENTIFIER = "com.facebook.REACT.guyfridayevents-tvOSTests";
				PRODUCT_NAME = "$(TARGET_NAME)";
				SDKROOT = appletvos;
				TEST_HOST = "$(BUILT_PRODUCTS_DIR)/guyfridayevents-tvOS.app/guyfridayevents-tvOS";
				TVOS_DEPLOYMENT_TARGET = 10.1;
			};
			name = Release;
		};
		83CBBA201A601CBA00E9B192 /* Debug */ = {
			isa = XCBuildConfiguration;
			buildSettings = {
				ALWAYS_SEARCH_USER_PATHS = NO;
				CLANG_CXX_LANGUAGE_STANDARD = "gnu++0x";
				CLANG_CXX_LIBRARY = "libc++";
				CLANG_ENABLE_MODULES = YES;
				CLANG_ENABLE_OBJC_ARC = YES;
				CLANG_WARN_BLOCK_CAPTURE_AUTORELEASING = YES;
				CLANG_WARN_BOOL_CONVERSION = YES;
				CLANG_WARN_COMMA = YES;
				CLANG_WARN_CONSTANT_CONVERSION = YES;
				CLANG_WARN_DEPRECATED_OBJC_IMPLEMENTATIONS = YES;
				CLANG_WARN_DIRECT_OBJC_ISA_USAGE = YES_ERROR;
				CLANG_WARN_EMPTY_BODY = YES;
				CLANG_WARN_ENUM_CONVERSION = YES;
				CLANG_WARN_INFINITE_RECURSION = YES;
				CLANG_WARN_INT_CONVERSION = YES;
				CLANG_WARN_NON_LITERAL_NULL_CONVERSION = YES;
				CLANG_WARN_OBJC_IMPLICIT_RETAIN_SELF = YES;
				CLANG_WARN_OBJC_LITERAL_CONVERSION = YES;
				CLANG_WARN_OBJC_ROOT_CLASS = YES_ERROR;
				CLANG_WARN_RANGE_LOOP_ANALYSIS = YES;
				CLANG_WARN_STRICT_PROTOTYPES = YES;
				CLANG_WARN_SUSPICIOUS_MOVE = YES;
				CLANG_WARN_UNREACHABLE_CODE = YES;
				CLANG_WARN__DUPLICATE_METHOD_MATCH = YES;
				"CODE_SIGN_IDENTITY[sdk=iphoneos*]" = "iPhone Developer";
				COPY_PHASE_STRIP = NO;
				ENABLE_STRICT_OBJC_MSGSEND = YES;
				ENABLE_TESTABILITY = YES;
				GCC_C_LANGUAGE_STANDARD = gnu99;
				GCC_DYNAMIC_NO_PIC = NO;
				GCC_NO_COMMON_BLOCKS = YES;
				GCC_OPTIMIZATION_LEVEL = 0;
				GCC_PREPROCESSOR_DEFINITIONS = (
					"DEBUG=1",
					"$(inherited)",
				);
				GCC_SYMBOLS_PRIVATE_EXTERN = NO;
				GCC_WARN_64_TO_32_BIT_CONVERSION = YES;
				GCC_WARN_ABOUT_RETURN_TYPE = YES_ERROR;
				GCC_WARN_UNDECLARED_SELECTOR = YES;
				GCC_WARN_UNINITIALIZED_AUTOS = YES_AGGRESSIVE;
				GCC_WARN_UNUSED_FUNCTION = YES;
				GCC_WARN_UNUSED_VARIABLE = YES;
				IPHONEOS_DEPLOYMENT_TARGET = 9.0;
				MTL_ENABLE_DEBUG_INFO = YES;
				ONLY_ACTIVE_ARCH = YES;
				SDKROOT = iphoneos;
			};
			name = Debug;
		};
		83CBBA211A601CBA00E9B192 /* Release */ = {
			isa = XCBuildConfiguration;
			buildSettings = {
				ALWAYS_SEARCH_USER_PATHS = NO;
				CLANG_CXX_LANGUAGE_STANDARD = "gnu++0x";
				CLANG_CXX_LIBRARY = "libc++";
				CLANG_ENABLE_MODULES = YES;
				CLANG_ENABLE_OBJC_ARC = YES;
				CLANG_WARN_BLOCK_CAPTURE_AUTORELEASING = YES;
				CLANG_WARN_BOOL_CONVERSION = YES;
				CLANG_WARN_COMMA = YES;
				CLANG_WARN_CONSTANT_CONVERSION = YES;
				CLANG_WARN_DEPRECATED_OBJC_IMPLEMENTATIONS = YES;
				CLANG_WARN_DIRECT_OBJC_ISA_USAGE = YES_ERROR;
				CLANG_WARN_EMPTY_BODY = YES;
				CLANG_WARN_ENUM_CONVERSION = YES;
				CLANG_WARN_INFINITE_RECURSION = YES;
				CLANG_WARN_INT_CONVERSION = YES;
				CLANG_WARN_NON_LITERAL_NULL_CONVERSION = YES;
				CLANG_WARN_OBJC_IMPLICIT_RETAIN_SELF = YES;
				CLANG_WARN_OBJC_LITERAL_CONVERSION = YES;
				CLANG_WARN_OBJC_ROOT_CLASS = YES_ERROR;
				CLANG_WARN_RANGE_LOOP_ANALYSIS = YES;
				CLANG_WARN_STRICT_PROTOTYPES = YES;
				CLANG_WARN_SUSPICIOUS_MOVE = YES;
				CLANG_WARN_UNREACHABLE_CODE = YES;
				CLANG_WARN__DUPLICATE_METHOD_MATCH = YES;
				"CODE_SIGN_IDENTITY[sdk=iphoneos*]" = "iPhone Developer";
				COPY_PHASE_STRIP = YES;
				ENABLE_NS_ASSERTIONS = NO;
				ENABLE_STRICT_OBJC_MSGSEND = YES;
				GCC_C_LANGUAGE_STANDARD = gnu99;
				GCC_NO_COMMON_BLOCKS = YES;
				GCC_WARN_64_TO_32_BIT_CONVERSION = YES;
				GCC_WARN_ABOUT_RETURN_TYPE = YES_ERROR;
				GCC_WARN_UNDECLARED_SELECTOR = YES;
				GCC_WARN_UNINITIALIZED_AUTOS = YES_AGGRESSIVE;
				GCC_WARN_UNUSED_FUNCTION = YES;
				GCC_WARN_UNUSED_VARIABLE = YES;
				IPHONEOS_DEPLOYMENT_TARGET = 9.0;
				MTL_ENABLE_DEBUG_INFO = NO;
				SDKROOT = iphoneos;
				VALIDATE_PRODUCT = YES;
			};
			name = Release;
		};
/* End XCBuildConfiguration section */

/* Begin XCConfigurationList section */
		00E357021AD99517003FC87E /* Build configuration list for PBXNativeTarget "guyfridayeventsTests" */ = {
			isa = XCConfigurationList;
			buildConfigurations = (
				00E356F61AD99517003FC87E /* Debug */,
				00E356F71AD99517003FC87E /* Release */,
			);
			defaultConfigurationIsVisible = 0;
			defaultConfigurationName = Release;
		};
		13B07F931A680F5B00A75B9A /* Build configuration list for PBXNativeTarget "guyfridayevents" */ = {
			isa = XCConfigurationList;
			buildConfigurations = (
				13B07F941A680F5B00A75B9A /* Debug */,
				13B07F951A680F5B00A75B9A /* Release */,
			);
			defaultConfigurationIsVisible = 0;
			defaultConfigurationName = Release;
		};
		2D02E4BA1E0B4A5E006451C7 /* Build configuration list for PBXNativeTarget "guyfridayevents-tvOS" */ = {
			isa = XCConfigurationList;
			buildConfigurations = (
				2D02E4971E0B4A5E006451C7 /* Debug */,
				2D02E4981E0B4A5E006451C7 /* Release */,
			);
			defaultConfigurationIsVisible = 0;
			defaultConfigurationName = Release;
		};
		2D02E4BB1E0B4A5E006451C7 /* Build configuration list for PBXNativeTarget "guyfridayevents-tvOSTests" */ = {
			isa = XCConfigurationList;
			buildConfigurations = (
				2D02E4991E0B4A5E006451C7 /* Debug */,
				2D02E49A1E0B4A5E006451C7 /* Release */,
			);
			defaultConfigurationIsVisible = 0;
			defaultConfigurationName = Release;
		};
		83CBB9FA1A601CBA00E9B192 /* Build configuration list for PBXProject "guyfridayevents" */ = {
			isa = XCConfigurationList;
			buildConfigurations = (
				83CBBA201A601CBA00E9B192 /* Debug */,
				83CBBA211A601CBA00E9B192 /* Release */,
			);
			defaultConfigurationIsVisible = 0;
			defaultConfigurationName = Release;
		};
/* End XCConfigurationList section */
	};
	rootObject = 83CBB9F71A601CBA00E9B192 /* Project object */;
}
